<Solution>
  <Folder Name="/.config/">
    <File Path="../README.md" />
    <File Path="common.props" />
    <File Path="Directory.Packages.props" />
    <File Path="global.json" />
    <File Path="NuGet.config" />
    <File Path="nuget.pack.props" />
  </Folder>
  <Folder Name="/Admin/">
    <Project Path="Admin/H.Admin.AppDrawer/H.Admin.AppDrawer.csproj" />
    <Project Path="Admin/H.Admin.Portal/H.Admin.Portal.csproj" />
  </Folder>
  <Folder Name="/Host/">
    <Project Path="Host/H.LowCode.Host.All/H.LowCode.Host.All.Client/H.LowCode.Host.All.Client.csproj" />
    <Project Path="Host/H.LowCode.Host.All/H.LowCode.Host.All/H.LowCode.Host.All.csproj" />
  </Folder>
  <Folder Name="/Host/MicroService/" />
  <Folder Name="/Host/MicroService/Account/">
    <Project Path="Host/Account/H.Account.Host.Client/H.Account.Host.Client.csproj" />
    <Project Path="Host/Account/H.Account.Host/H.Account.Host.csproj" />
  </Folder>
  <Folder Name="/Host/MicroService/Organization/">
    <Project Path="Host/Organization/H.Organization.Host.Client/H.Organization.Host.Client.csproj" />
    <Project Path="Host/Organization/H.Organization.Host/H.Organization.Host.csproj" />
  </Folder>
  <Folder Name="/Host/MicroService/RenderEngine/">
    <Project Path="Host/RenderEngine/H.LowCode.RenderEngine.Host.Client/H.LowCode.RenderEngine.Host.Client.csproj" />
    <Project Path="Host/RenderEngine/H.LowCode.RenderEngine.Host/H.LowCode.RenderEngine.Host.csproj" />
  </Folder>
  <Folder Name="/LowCode/" />
  <Folder Name="/LowCode/Common/">
    <Project Path="LowCode/Common/H.LowCode.Application.Contracts/H.LowCode.Application.Contracts.csproj" />
    <Project Path="LowCode/Common/H.LowCode.Application/H.LowCode.Application.csproj" />
    <Project Path="LowCode/Common/H.LowCode.Configuration/H.LowCode.Configuration.csproj" />
    <Project Path="LowCode/Common/H.LowCode.Entity/H.LowCode.Entity.csproj" />
  </Folder>
  <Folder Name="/LowCode/Common/Components/">
    <Project Path="LowCode/Common/H.LowCode.ComponentBase/H.LowCode.ComponentBase.csproj" />
    <Project Path="LowCode/Common/H.LowCode.Components.Defaults/H.LowCode.Components.Defaults.csproj" />
  </Folder>
  <Folder Name="/LowCode/Common/Protocol/">
    <Project Path="LowCode/Common/H.LowCode.MetaSchema.DesignEngine/H.LowCode.MetaSchema.DesignEngine.csproj" />
    <Project Path="LowCode/Common/H.LowCode.MetaSchema.RenderEngine/H.LowCode.MetaSchema.RenderEngine.csproj" />
    <Project Path="LowCode/Common/H.LowCode.MetaSchema/H.LowCode.MetaSchema.csproj" />
  </Folder>
  <Folder Name="/LowCode/DesignEngine/" />
  <Folder Name="/LowCode/DesignEngine/Common/">
    <Project Path="LowCode/DesignEngine/H.LowCode.DesignEngine.Model/H.LowCode.DesignEngine.Model.csproj" />
    <Project Path="LowCode/DesignEngine/H.LowCode.DesignEngineBase/H.LowCode.DesignEngineBase.csproj" />
  </Folder>
  <Folder Name="/LowCode/DesignEngine/HttpApi/">
    <Project Path="LowCode/DesignEngine/H.LowCode.DesignEngine.Application.Contracts/H.LowCode.DesignEngine.Application.Contracts.csproj" />
    <Project Path="LowCode/DesignEngine/H.LowCode.DesignEngine.Application/H.LowCode.DesignEngine.Application.csproj" />
    <Project Path="LowCode/DesignEngine/H.LowCode.DesignEngine.Domain/H.LowCode.DesignEngine.Domain.csproj" />
    <Project Path="LowCode/DesignEngine/H.LowCode.DesignEngine.EntityFrameworkCore/H.LowCode.DesignEngine.EntityFrameworkCore.csproj" />
    <Project Path="LowCode/DesignEngine/H.LowCode.DesignEngine.Repository.JsonFile/H.LowCode.DesignEngine.Repository.JsonFile.csproj" />
    <Project Path="LowCode/DesignEngine/H.LowCode.DesignEngine.Repository.RemoteService/H.LowCode.DesignEngine.Repository.RemoteService.csproj" />
  </Folder>
  <Folder Name="/LowCode/DesignEngine/Workbench/">
    <Project Path="LowCode/DesignEngine/H.LowCode.DesignEngine/H.LowCode.DesignEngine.csproj" />
    <Project Path="LowCode/DesignEngine/H.LowCode.MyApp/H.LowCode.MyApp.csproj" />
    <Project Path="LowCode/DesignEngine/H.LowCode.PartsDesignEngine/H.LowCode.PartsDesignEngine.csproj" />
    <Project Path="LowCode/DesignEngine/H.LowCode.Workbench/H.LowCode.Workbench.csproj" />
  </Folder>
  <Folder Name="/LowCode/RenderEngine/">
    <Project Path="LowCode/RenderEngine/H.LowCode.RenderEngine/H.LowCode.RenderEngine.csproj" />
  </Folder>
  <Folder Name="/LowCode/RenderEngine/Common/">
    <Project Path="LowCode/RenderEngine/H.LowCode.RenderEngineBase/H.LowCode.RenderEngineBase.csproj" />
  </Folder>
  <Folder Name="/LowCode/RenderEngine/HttpApi/">
    <Project Path="LowCode/RenderEngine/H.LowCode.RenderEngine.Application.Contracts/H.LowCode.RenderEngine.Application.Contracts.csproj" />
    <Project Path="LowCode/RenderEngine/H.LowCode.RenderEngine.Application/H.LowCode.RenderEngine.Application.csproj" />
    <Project Path="LowCode/RenderEngine/H.LowCode.RenderEngine.Domain/H.LowCode.RenderEngine.Domain.csproj" />
    <Project Path="LowCode/RenderEngine/H.LowCode.RenderEngine.EntityFrameworkCore/H.LowCode.RenderEngine.EntityFrameworkCore.csproj" />
    <Project Path="LowCode/RenderEngine/H.LowCode.RenderEngine.Repository.JsonFile/H.LowCode.RenderEngine.Repository.JsonFile.csproj" />
    <Project Path="LowCode/RenderEngine/H.LowCode.RenderEngine.Repository.RemoteService/H.LowCode.RenderEngine.Repository.RemoteService.csproj" />
  </Folder>
  <Folder Name="/LowCode/RenderEngine/Themes/">
    <Project Path="LowCode/RenderEngine/H.LowCode.Themes.AntBlazor/H.LowCode.Themes.AntBlazor.csproj" />
  </Folder>
  <Folder Name="/Services/" />
  <Folder Name="/Services/Account/">
    <Project Path="Services/Account/H.Account.Application.Contracts/H.Account.Application.Contracts.csproj" />
    <Project Path="Services/Account/H.Account.Application/H.Account.Application.csproj" />
    <Project Path="Services/Account/H.Account.Client/H.Account.Client.csproj" />
    <Project Path="Services/Account/H.Account.EntityFrameworkCore/H.Account.EntityFrameworkCore.csproj" />
    <Project Path="Services/Account/H.Account.Web/H.Account.Web.csproj" />
  </Folder>
  <Folder Name="/Services/Approval/">
    <Project Path="Services/Approval/H.Approval.Application.Contracts/H.Approval.Application.Contracts.csproj" />
    <Project Path="Services/Approval/H.Approval.Application/H.Approval.Application.csproj" />
    <Project Path="Services/Approval/H.Approval.EntityFrameworkCore/H.Approval.EntityFrameworkCore.csproj" />
    <Project Path="Services/Approval/H.Approval.Web/H.Approval.Web.csproj" />
  </Folder>
  <Folder Name="/Services/AutoTest/">
    <Project Path="Services/AutoTest/H.AutoTest.Application.Contracts/H.AutoTest.Application.Contracts.csproj" />
    <Project Path="Services/AutoTest/H.AutoTest.Application/H.AutoTest.Application.csproj" />
    <Project Path="Services/AutoTest/H.AutoTest.Web/H.AutoTest.Web.csproj" />
  </Folder>
  <Folder Name="/Services/Organization/">
    <Project Path="Services/Organization/H.Organization.Application.Contracts/H.Organization.Application.Contracts.csproj" />
    <Project Path="Services/Organization/H.Organization.Application/H.Organization.Application.csproj" />
    <Project Path="Services/Organization/H.Organization.Client/H.Organization.Client.csproj" />
    <Project Path="Services/Organization/H.Organization.EntityFrameworkCore/H.Organization.EntityFrameworkCore.csproj" />
    <Project Path="Services/Organization/H.Organization.Web/H.Organization.Web.csproj" />
  </Folder>
  <Folder Name="/Tools/">
    <Project Path="Tools/H.Account.DbMigrator/H.Account.DbMigrator.csproj" />
    <Project Path="Tools/H.Approval.DbMigrator/H.Approval.DbMigrator.csproj" />
    <Project Path="Tools/H.LowCode.DbMigrator/H.LowCode.DbMigrator.csproj" />
    <Project Path="Tools/H.Organization.DbMigrator/H.Organization.DbMigrator.csproj" />
  </Folder>
  <Folder Name="/Utils/">
    <Project Path="Utils/H.Extensions.System/H.Extensions.System.csproj" />
    <Project Path="Utils/H.Util.Blazor/H.Util.Blazor.csproj" />
    <Project Path="Utils/H.Util.Ids/H.Util.Ids.csproj" />
  </Folder>
</Solution>
