
Microsoft Visual Studio Solution File, Format Version 12.00
# Visual Studio Version 18
VisualStudioVersion = 18.0.11109.219
MinimumVisualStudioVersion = 10.0.40219.1
Project("{2150E333-8FDC-42A3-9474-1A3956D46DE8}") = "RenderEngine", "RenderEngine", "{89FE3DE3-2E58-4835-A476-CA2E309A1B3F}"
EndProject
Project("{9A19103F-16F7-4668-BE54-9A1E7A4F7556}") = "H.LowCode.RenderEngine", "LowCode\RenderEngine\H.LowCode.RenderEngine\H.LowCode.RenderEngine.csproj", "{47EE6944-D5F8-46CD-A552-29A237BE87BD}"
EndProject
Project("{2150E333-8FDC-42A3-9474-1A3956D46DE8}") = "DesignEngine", "DesignEngine", "{7E5B26AA-4F89-4B8C-B743-AE3F04C9DD58}"
EndProject
Project("{9A19103F-16F7-4668-BE54-9A1E7A4F7556}") = "H.LowCode.DesignEngine", "LowCode\DesignEngine\H.LowCode.DesignEngine\H.LowCode.DesignEngine.csproj", "{9BE2FECD-B648-4B15-B394-E354F98D1B73}"
EndProject
Project("{2150E333-8FDC-42A3-9474-1A3956D46DE8}") = ".config", ".config", "{8B2D37CA-78EA-401B-B598-EFB3C7FD6517}"
	ProjectSection(SolutionItems) = preProject
		common.props = common.props
		Directory.Packages.props = Directory.Packages.props
		global.json = global.json
		NuGet.config = NuGet.config
		nuget.pack.props = nuget.pack.props
		..\README.md = ..\README.md
	EndProjectSection
EndProject
Project("{2150E333-8FDC-42A3-9474-1A3956D46DE8}") = "Protocol", "Protocol", "{4E9BFDA3-AFC6-41F3-817C-FD9E82322BDA}"
EndProject
Project("{2150E333-8FDC-42A3-9474-1A3956D46DE8}") = "HttpApi", "HttpApi", "{B8524D2C-164A-46A1-83A3-5F47BC645B01}"
EndProject
Project("{9A19103F-16F7-4668-BE54-9A1E7A4F7556}") = "H.LowCode.DesignEngine.Application", "LowCode\DesignEngine\H.LowCode.DesignEngine.Application\H.LowCode.DesignEngine.Application.csproj", "{2FEAC795-B93C-4164-8A4D-92B2F26F4994}"
EndProject
Project("{9A19103F-16F7-4668-BE54-9A1E7A4F7556}") = "H.LowCode.DesignEngine.Application.Contracts", "LowCode\DesignEngine\H.LowCode.DesignEngine.Application.Contracts\H.LowCode.DesignEngine.Application.Contracts.csproj", "{523063C9-59C7-49E4-A17F-B0A5E4247729}"
EndProject
Project("{9A19103F-16F7-4668-BE54-9A1E7A4F7556}") = "H.LowCode.DesignEngineBase", "LowCode\DesignEngine\H.LowCode.DesignEngineBase\H.LowCode.DesignEngineBase.csproj", "{78087384-C445-47F5-BB2A-80CDA2132FF6}"
EndProject
Project("{2150E333-8FDC-42A3-9474-1A3956D46DE8}") = "Themes", "Themes", "{4B81FABE-A4D5-4602-A83C-E2875286AA53}"
EndProject
Project("{9A19103F-16F7-4668-BE54-9A1E7A4F7556}") = "H.LowCode.MyApp", "LowCode\DesignEngine\H.LowCode.MyApp\H.LowCode.MyApp.csproj", "{69842168-80FE-46B2-B66E-4E87B016E93D}"
EndProject
Project("{9A19103F-16F7-4668-BE54-9A1E7A4F7556}") = "H.LowCode.DesignEngine.Model", "LowCode\DesignEngine\H.LowCode.DesignEngine.Model\H.LowCode.DesignEngine.Model.csproj", "{2F7C173C-2C3C-4B8A-BBAD-852283458D87}"
EndProject
Project("{2150E333-8FDC-42A3-9474-1A3956D46DE8}") = "HttpApi", "HttpApi", "{240CD8ED-49F9-47E0-91B1-B170252E5437}"
EndProject
Project("{9A19103F-16F7-4668-BE54-9A1E7A4F7556}") = "H.LowCode.RenderEngine.Application.Contracts", "LowCode\RenderEngine\H.LowCode.RenderEngine.Application.Contracts\H.LowCode.RenderEngine.Application.Contracts.csproj", "{C38DD51F-A1D3-4158-BF04-179A4C3BBEEA}"
EndProject
Project("{9A19103F-16F7-4668-BE54-9A1E7A4F7556}") = "H.LowCode.RenderEngine.Application", "LowCode\RenderEngine\H.LowCode.RenderEngine.Application\H.LowCode.RenderEngine.Application.csproj", "{68C4F1D4-C479-4679-8074-B13EA898F4A0}"
EndProject
Project("{9A19103F-16F7-4668-BE54-9A1E7A4F7556}") = "H.LowCode.Configuration", "LowCode\Common\H.LowCode.Configuration\H.LowCode.Configuration.csproj", "{8490E431-5F81-4EF4-B765-FF0AC8A6EA10}"
EndProject
Project("{9A19103F-16F7-4668-BE54-9A1E7A4F7556}") = "H.LowCode.RenderEngineBase", "LowCode\RenderEngine\H.LowCode.RenderEngineBase\H.LowCode.RenderEngineBase.csproj", "{9832C124-BE18-48FA-8C60-48857D9B4DA1}"
EndProject
Project("{9A19103F-16F7-4668-BE54-9A1E7A4F7556}") = "H.LowCode.PartsDesignEngine", "LowCode\DesignEngine\H.LowCode.PartsDesignEngine\H.LowCode.PartsDesignEngine.csproj", "{8C48BC1B-FD9B-4C39-929D-9458BD9B42E1}"
EndProject
Project("{9A19103F-16F7-4668-BE54-9A1E7A4F7556}") = "H.LowCode.DesignEngine.Host.Client", "LowCode\DesignEngine\H.LowCode.DesignEngine.Host.Client\H.LowCode.DesignEngine.Host.Client.csproj", "{C81282DA-2FD7-4DA4-A607-DBADD3ACD367}"
EndProject
Project("{9A19103F-16F7-4668-BE54-9A1E7A4F7556}") = "H.LowCode.DesignEngine.Host", "LowCode\DesignEngine\H.LowCode.DesignEngine.Host\H.LowCode.DesignEngine.Host.csproj", "{3515BFA8-8D57-4E9E-903D-D74982DE27E0}"
EndProject
Project("{9A19103F-16F7-4668-BE54-9A1E7A4F7556}") = "H.LowCode.RenderEngine.Host.Client", "LowCode\RenderEngine\H.LowCode.RenderEngine.Host.Client\H.LowCode.RenderEngine.Host.Client.csproj", "{543E3996-E69A-4EE6-ABD9-9A69A8383DB8}"
EndProject
Project("{9A19103F-16F7-4668-BE54-9A1E7A4F7556}") = "H.LowCode.RenderEngine.Host", "LowCode\RenderEngine\H.LowCode.RenderEngine.Host\H.LowCode.RenderEngine.Host.csproj", "{4630AE17-4522-491A-BC9D-91BF522CBFA5}"
EndProject
Project("{2150E333-8FDC-42A3-9474-1A3956D46DE8}") = "Workbench", "Workbench", "{4D070ACB-8367-4889-806E-FA6EEA0D6A67}"
EndProject
Project("{9A19103F-16F7-4668-BE54-9A1E7A4F7556}") = "H.LowCode.Workbench", "LowCode\DesignEngine\H.LowCode.Workbench\H.LowCode.Workbench.csproj", "{DE9247F1-BABC-4098-A928-960E8E4EC20E}"
EndProject
Project("{2150E333-8FDC-42A3-9474-1A3956D46DE8}") = "Tools", "Tools", "{F3ABC418-7234-4DBA-8A5A-6B286A25B8AD}"
EndProject
Project("{2150E333-8FDC-42A3-9474-1A3956D46DE8}") = "Common", "Common", "{A63C9652-517D-4BC3-B935-74D946AB0761}"
EndProject
Project("{9A19103F-16F7-4668-BE54-9A1E7A4F7556}") = "H.LowCode.ComponentBase", "LowCode\Common\H.LowCode.ComponentBase\H.LowCode.ComponentBase.csproj", "{43C23BD6-6228-4C41-BD73-FC1508178F33}"
EndProject
Project("{9A19103F-16F7-4668-BE54-9A1E7A4F7556}") = "H.LowCode.DbMigrator", "LowCode\Tools\H.LowCode.DbMigrator\H.LowCode.DbMigrator.csproj", "{F33C7AB6-CA4B-4254-9A75-D803FEDE0CB4}"
EndProject
Project("{FAE04EC0-301F-11D3-BF4B-00C04F79EFBC}") = "H.LowCode.MetaSchema", "LowCode\Common\H.LowCode.MetaSchema\H.LowCode.MetaSchema.csproj", "{1BF619BF-4992-46CC-B831-8E3ABA9A435A}"
EndProject
Project("{FAE04EC0-301F-11D3-BF4B-00C04F79EFBC}") = "H.LowCode.MetaSchema.DesignEngine", "LowCode\Common\H.LowCode.MetaSchema.DesignEngine\H.LowCode.MetaSchema.DesignEngine.csproj", "{E1C86933-B2F8-4C53-BF19-AE67A206B00A}"
EndProject
Project("{FAE04EC0-301F-11D3-BF4B-00C04F79EFBC}") = "H.LowCode.MetaSchema.RenderEngine", "LowCode\Common\H.LowCode.MetaSchema.RenderEngine\H.LowCode.MetaSchema.RenderEngine.csproj", "{AFC84C58-A075-45C3-BA33-609F067B471A}"
EndProject
Project("{FAE04EC0-301F-11D3-BF4B-00C04F79EFBC}") = "H.LowCode.DesignEngine.Domain", "LowCode\DesignEngine\H.LowCode.DesignEngine.Domain\H.LowCode.DesignEngine.Domain.csproj", "{94346EE6-3FD9-4B41-9865-FA8600F99BC2}"
EndProject
Project("{FAE04EC0-301F-11D3-BF4B-00C04F79EFBC}") = "H.LowCode.RenderEngine.Domain", "LowCode\RenderEngine\H.LowCode.RenderEngine.Domain\H.LowCode.RenderEngine.Domain.csproj", "{17506986-EDF2-4D77-BD9D-7C222F621CFF}"
EndProject
Project("{FAE04EC0-301F-11D3-BF4B-00C04F79EFBC}") = "H.LowCode.DesignEngine.Repository.JsonFile", "LowCode\DesignEngine\H.LowCode.DesignEngine.Repository.JsonFile\H.LowCode.DesignEngine.Repository.JsonFile.csproj", "{B0125071-4C28-413C-B244-8D72C91A2EC0}"
EndProject
Project("{FAE04EC0-301F-11D3-BF4B-00C04F79EFBC}") = "H.LowCode.DesignEngine.Repository.RemoteService", "LowCode\DesignEngine\H.LowCode.DesignEngine.Repository.RemoteService\H.LowCode.DesignEngine.Repository.RemoteService.csproj", "{8E27C95F-B55E-48A3-86CB-7655EAD45CC2}"
EndProject
Project("{FAE04EC0-301F-11D3-BF4B-00C04F79EFBC}") = "H.LowCode.DesignEngine.EntityFrameworkCore", "LowCode\DesignEngine\H.LowCode.DesignEngine.EntityFrameworkCore\H.LowCode.DesignEngine.EntityFrameworkCore.csproj", "{92DECAF2-485F-490C-980C-D3F22BB55048}"
EndProject
Project("{FAE04EC0-301F-11D3-BF4B-00C04F79EFBC}") = "H.LowCode.RenderEngine.EntityFrameworkCore", "LowCode\RenderEngine\H.LowCode.RenderEngine.EntityFrameworkCore\H.LowCode.RenderEngine.EntityFrameworkCore.csproj", "{71A10A51-EC26-45F9-A122-BF9D9DAAD28D}"
EndProject
Project("{FAE04EC0-301F-11D3-BF4B-00C04F79EFBC}") = "H.LowCode.RenderEngine.Repository.JsonFile", "LowCode\RenderEngine\H.LowCode.RenderEngine.Repository.JsonFile\H.LowCode.RenderEngine.Repository.JsonFile.csproj", "{0CD501D8-1151-4850-8AD4-25920EDFA781}"
EndProject
Project("{FAE04EC0-301F-11D3-BF4B-00C04F79EFBC}") = "H.LowCode.RenderEngine.Repository.RemoteService", "LowCode\RenderEngine\H.LowCode.RenderEngine.Repository.RemoteService\H.LowCode.RenderEngine.Repository.RemoteService.csproj", "{637464B4-18A5-4111-966E-33936516CEC8}"
EndProject
Project("{FAE04EC0-301F-11D3-BF4B-00C04F79EFBC}") = "H.LowCode.Entity", "LowCode\Common\H.LowCode.Entity\H.LowCode.Entity.csproj", "{04CA320A-37C9-45AE-BCCB-DA01300F29C7}"
EndProject
Project("{FAE04EC0-301F-11D3-BF4B-00C04F79EFBC}") = "H.LowCode.Themes.AntBlazor", "LowCode\RenderEngine\H.LowCode.Themes.AntBlazor\H.LowCode.Themes.AntBlazor.csproj", "{90F5B2E9-D945-2235-497D-8ECDD759C198}"
EndProject
Project("{2150E333-8FDC-42A3-9474-1A3956D46DE8}") = "Components", "Components", "{02EA681E-C7D8-13C7-8484-4AC65E1B71E8}"
EndProject
Project("{FAE04EC0-301F-11D3-BF4B-00C04F79EFBC}") = "H.LowCode.Components.Defaults", "LowCode\Common\H.LowCode.Components.Defaults\H.LowCode.Components.Defaults.csproj", "{55223317-D668-C49B-D469-0ADABACFC365}"
EndProject
Project("{2150E333-8FDC-42A3-9474-1A3956D46DE8}") = "Common", "Common", "{2B32F5E0-A1C9-49DA-85DD-9C3202A4AF2C}"
EndProject
Project("{2150E333-8FDC-42A3-9474-1A3956D46DE8}") = "Common", "Common", "{844CDB6A-8081-4769-8905-8A0D279D6101}"
EndProject
Project("{FAE04EC0-301F-11D3-BF4B-00C04F79EFBC}") = "H.LowCode.MetaMigrator", "LowCode\Tools\H.LowCode.MetaMigrator\H.LowCode.MetaMigrator.csproj", "{193AF344-CD5E-474A-A872-CB700253967B}"
EndProject
Project("{FAE04EC0-301F-11D3-BF4B-00C04F79EFBC}") = "H.LowCode.Application.Contracts", "LowCode\Common\H.LowCode.Application.Contracts\H.LowCode.Application.Contracts.csproj", "{677BA66C-2367-4430-82CE-59E09988DF43}"
EndProject
Project("{2150E333-8FDC-42A3-9474-1A3956D46DE8}") = "Utils", "Utils", "{AF99A147-8109-4237-86A4-2F565757AF4B}"
EndProject
Project("{FAE04EC0-301F-11D3-BF4B-00C04F79EFBC}") = "H.Extensions.System", "Utils\H.Extensions.System\H.Extensions.System.csproj", "{396688C7-0FCC-8361-BE69-70F54C23372D}"
EndProject
Project("{FAE04EC0-301F-11D3-BF4B-00C04F79EFBC}") = "H.Util.Blazor", "Utils\H.Util.Blazor\H.Util.Blazor.csproj", "{0F5D3E59-FD5A-0B41-C4F3-ACE777EE3977}"
EndProject
Project("{FAE04EC0-301F-11D3-BF4B-00C04F79EFBC}") = "H.Util.Ids", "Utils\H.Util.Ids\H.Util.Ids.csproj", "{E656B992-7E4C-9AC1-F011-99A4980177B5}"
EndProject
Project("{FAE04EC0-301F-11D3-BF4B-00C04F79EFBC}") = "H.LowCode.Application", "LowCode\Common\H.LowCode.Application\H.LowCode.Application.csproj", "{0F9D39CD-616E-45C1-A041-09F9B2467EB3}"
EndProject
Project("{2150E333-8FDC-42A3-9474-1A3956D46DE8}") = "LowCode", "LowCode", "{5CB02C04-84CF-405F-B02E-E70B0DBBBCD9}"
EndProject
Project("{2150E333-8FDC-42A3-9474-1A3956D46DE8}") = "Services", "Services", "{A297110F-CD50-4832-B746-043D8EDCE334}"
EndProject
Project("{2150E333-8FDC-42A3-9474-1A3956D46DE8}") = "Host", "Host", "{8D9A2CAE-AD15-40C4-89C0-BB137F959190}"
EndProject
Project("{2150E333-8FDC-42A3-9474-1A3956D46DE8}") = "MicroService", "MicroService", "{04FEA754-FF59-443E-9AD1-BB4EF60B8C67}"
EndProject
Project("{2150E333-8FDC-42A3-9474-1A3956D46DE8}") = "Account", "Account", "{79C1D70A-F0EA-4490-B482-303DC03EB4CA}"
EndProject
Project("{2150E333-8FDC-42A3-9474-1A3956D46DE8}") = "Organization", "Organization", "{D407C440-AF04-4C6B-AD32-3B501772389A}"
EndProject
Project("{2150E333-8FDC-42A3-9474-1A3956D46DE8}") = "Admin", "Admin", "{76E3BCD4-99EC-44AD-A1AD-9E97998D22B4}"
EndProject
Project("{2150E333-8FDC-42A3-9474-1A3956D46DE8}") = "Monolithic", "Monolithic", "{9193C633-939D-4545-86FA-991391814F8C}"
EndProject
Project("{FAE04EC0-301F-11D3-BF4B-00C04F79EFBC}") = "H.LowCode.Host.All", "Host\H.LowCode.Host.All\H.LowCode.Host.All\H.LowCode.Host.All.csproj", "{494FEA6D-B2B2-4A9F-A0AE-7D57D042D5B2}"
EndProject
Project("{FAE04EC0-301F-11D3-BF4B-00C04F79EFBC}") = "H.LowCode.Host.All.Client", "Host\H.LowCode.Host.All\H.LowCode.Host.All.Client\H.LowCode.Host.All.Client.csproj", "{646E6DA4-53DF-4171-A017-0B59159878C4}"
EndProject
Project("{FAE04EC0-301F-11D3-BF4B-00C04F79EFBC}") = "H.LowCode.Portal", "Admin\H.LowCode.Portal\H.LowCode.Portal.csproj", "{5747A69C-8C5A-42DB-A21D-EDBA43B8CA90}"
EndProject
Project("{FAE04EC0-301F-11D3-BF4B-00C04F79EFBC}") = "H.Account.Application.Contracts", "Services\Account\H.Account.Application.Contracts\H.Account.Application.Contracts.csproj", "{06E27E20-A3D1-AA3D-337E-9F35E242BF4C}"
EndProject
Project("{FAE04EC0-301F-11D3-BF4B-00C04F79EFBC}") = "H.Account.EntityFrameworkCore", "Services\Account\H.Account.EntityFrameworkCore\H.Account.EntityFrameworkCore.csproj", "{AD4B274A-D964-1BEE-8500-C75F1F20F65D}"
EndProject
Project("{FAE04EC0-301F-11D3-BF4B-00C04F79EFBC}") = "H.Account.Domain", "Services\Account\H.Account.Domain\H.Account.Domain.csproj", "{492B8936-720F-8CDF-758D-9067C3F4063B}"
EndProject
Project("{FAE04EC0-301F-11D3-BF4B-00C04F79EFBC}") = "H.Account.Application", "Services\Account\H.Account.Application\H.Account.Application.csproj", "{F01E5B66-6564-F201-C021-74BF687840BB}"
EndProject
Project("{FAE04EC0-301F-11D3-BF4B-00C04F79EFBC}") = "H.Account.Client", "Services\Account\H.Account.Client\H.Account.Client.csproj", "{22E17475-DDC8-D9DF-70C9-D3968F34DC84}"
EndProject
Project("{FAE04EC0-301F-11D3-BF4B-00C04F79EFBC}") = "H.Account.HttpApi", "Services\Account\H.Account.HttpApi\H.Account.HttpApi.csproj", "{6C786460-EF79-6D6A-4C0E-F676B76AE4A2}"
EndProject
Project("{FAE04EC0-301F-11D3-BF4B-00C04F79EFBC}") = "H.Account.Web", "Services\Account\H.Account.Web\H.Account.Web.csproj", "{FBA5BB46-EB9E-1B0F-044D-A50D8620CC3D}"
EndProject
Project("{FAE04EC0-301F-11D3-BF4B-00C04F79EFBC}") = "H.Account.DbMigrator", "Services\Account\H.Account.DbMigrator\H.Account.DbMigrator.csproj", "{988BED63-4414-4ED4-E33C-A62E5670D58C}"
EndProject
Project("{2150E333-8FDC-42A3-9474-1A3956D46DE8}") = "Account", "Account", "{A0B02F75-5D28-4C2C-8640-46F872C4C8C6}"
EndProject
Project("{FAE04EC0-301F-11D3-BF4B-00C04F79EFBC}") = "H.Account.Host", "Host\Account\H.Account.Host\H.Account.Host\H.Account.Host.csproj", "{F8D0330E-7D0A-46B2-8227-DAF4E7AF2F12}"
EndProject
Project("{FAE04EC0-301F-11D3-BF4B-00C04F79EFBC}") = "H.Account.Host.Client", "Host\Account\H.Account.Host\H.Account.Host.Client\H.Account.Host.Client.csproj", "{439D92DD-FA5E-4348-84EC-B7EAA68E333C}"
EndProject
Project("{FAE04EC0-301F-11D3-BF4B-00C04F79EFBC}") = "H.Organization.Application.Contracts", "Services\Organization\H.Organization.Application.Contracts\H.Organization.Application.Contracts.csproj", "{9E4278E7-E393-A0FC-D9E2-6974D0A2DD5F}"
EndProject
Project("{FAE04EC0-301F-11D3-BF4B-00C04F79EFBC}") = "H.Organization.Domain", "Services\Organization\H.Organization.Domain\H.Organization.Domain.csproj", "{1215FEFE-3301-F3F3-41DA-D318455C6071}"
EndProject
Project("{FAE04EC0-301F-11D3-BF4B-00C04F79EFBC}") = "H.Organization.EntityFrameworkCore", "Services\Organization\H.Organization.EntityFrameworkCore\H.Organization.EntityFrameworkCore.csproj", "{22F6CF89-250A-D0E2-07D5-7472230A0124}"
EndProject
Project("{FAE04EC0-301F-11D3-BF4B-00C04F79EFBC}") = "H.Organization.Application", "Services\Organization\H.Organization.Application\H.Organization.Application.csproj", "{050CFCF7-A372-D051-E7EB-42AD6D959701}"
EndProject
Project("{FAE04EC0-301F-11D3-BF4B-00C04F79EFBC}") = "H.Organization.Client", "Services\Organization\H.Organization.Client\H.Organization.Client.csproj", "{8D30E861-1F19-2088-BAF7-635F8D5602D6}"
EndProject
Project("{FAE04EC0-301F-11D3-BF4B-00C04F79EFBC}") = "H.Organization.HttpApi", "Services\Organization\H.Organization.HttpApi\H.Organization.HttpApi.csproj", "{5DE6D830-41CE-A5E9-C303-79004E167ADE}"
EndProject
Project("{FAE04EC0-301F-11D3-BF4B-00C04F79EFBC}") = "H.Organization.Web", "Services\Organization\H.Organization.Web\H.Organization.Web.csproj", "{DE40E081-D1E6-DCC8-CAC5-9D98AE54B388}"
EndProject
Project("{FAE04EC0-301F-11D3-BF4B-00C04F79EFBC}") = "H.Organization.DbMigrator", "Services\Organization\H.Organization.DbMigrator\H.Organization.DbMigrator.csproj", "{B69B3BDF-BCAE-E77F-8F85-14B4965A89AC}"
EndProject
Project("{2150E333-8FDC-42A3-9474-1A3956D46DE8}") = "Organization", "Organization", "{74997E25-3F12-4631-8353-576617F221BC}"
EndProject
Project("{FAE04EC0-301F-11D3-BF4B-00C04F79EFBC}") = "H.Organization.Host", "Host\Organization\H.Organization.Host\H.Organization.Host\H.Organization.Host.csproj", "{C7896C31-3F95-4930-A02F-4A22661A6952}"
EndProject
Project("{FAE04EC0-301F-11D3-BF4B-00C04F79EFBC}") = "H.Organization.Host.Client", "Host\Organization\H.Organization.Host\H.Organization.Host.Client\H.Organization.Host.Client.csproj", "{36AED7E3-2878-41DE-B6DF-D17050FE789F}"
EndProject
Project("{FAE04EC0-301F-11D3-BF4B-00C04F79EFBC}") = "H.LowCode.Host.All.Shared", "Host\H.LowCode.Host.All\H.LowCode.Host.All.Shared\H.LowCode.Host.All.Shared.csproj", "{D94143C5-2972-4EF8-3749-2FA05EE88187}"
EndProject
Global
	GlobalSection(SolutionConfigurationPlatforms) = preSolution
		Debug|Any CPU = Debug|Any CPU
		Release|Any CPU = Release|Any CPU
	EndGlobalSection
	GlobalSection(ProjectConfigurationPlatforms) = postSolution
		{47EE6944-D5F8-46CD-A552-29A237BE87BD}.Debug|Any CPU.ActiveCfg = Debug|Any CPU
		{47EE6944-D5F8-46CD-A552-29A237BE87BD}.Debug|Any CPU.Build.0 = Debug|Any CPU
		{47EE6944-D5F8-46CD-A552-29A237BE87BD}.Release|Any CPU.ActiveCfg = Release|Any CPU
		{47EE6944-D5F8-46CD-A552-29A237BE87BD}.Release|Any CPU.Build.0 = Release|Any CPU
		{9BE2FECD-B648-4B15-B394-E354F98D1B73}.Debug|Any CPU.ActiveCfg = Debug|Any CPU
		{9BE2FECD-B648-4B15-B394-E354F98D1B73}.Debug|Any CPU.Build.0 = Debug|Any CPU
		{9BE2FECD-B648-4B15-B394-E354F98D1B73}.Release|Any CPU.ActiveCfg = Release|Any CPU
		{9BE2FECD-B648-4B15-B394-E354F98D1B73}.Release|Any CPU.Build.0 = Release|Any CPU
		{2FEAC795-B93C-4164-8A4D-92B2F26F4994}.Debug|Any CPU.ActiveCfg = Debug|Any CPU
		{2FEAC795-B93C-4164-8A4D-92B2F26F4994}.Debug|Any CPU.Build.0 = Debug|Any CPU
		{2FEAC795-B93C-4164-8A4D-92B2F26F4994}.Release|Any CPU.ActiveCfg = Release|Any CPU
		{2FEAC795-B93C-4164-8A4D-92B2F26F4994}.Release|Any CPU.Build.0 = Release|Any CPU
		{523063C9-59C7-49E4-A17F-B0A5E4247729}.Debug|Any CPU.ActiveCfg = Debug|Any CPU
		{523063C9-59C7-49E4-A17F-B0A5E4247729}.Debug|Any CPU.Build.0 = Debug|Any CPU
		{523063C9-59C7-49E4-A17F-B0A5E4247729}.Release|Any CPU.ActiveCfg = Release|Any CPU
		{523063C9-59C7-49E4-A17F-B0A5E4247729}.Release|Any CPU.Build.0 = Release|Any CPU
		{78087384-C445-47F5-BB2A-80CDA2132FF6}.Debug|Any CPU.ActiveCfg = Debug|Any CPU
		{78087384-C445-47F5-BB2A-80CDA2132FF6}.Debug|Any CPU.Build.0 = Debug|Any CPU
		{78087384-C445-47F5-BB2A-80CDA2132FF6}.Release|Any CPU.ActiveCfg = Release|Any CPU
		{78087384-C445-47F5-BB2A-80CDA2132FF6}.Release|Any CPU.Build.0 = Release|Any CPU
		{69842168-80FE-46B2-B66E-4E87B016E93D}.Debug|Any CPU.ActiveCfg = Debug|Any CPU
		{69842168-80FE-46B2-B66E-4E87B016E93D}.Debug|Any CPU.Build.0 = Debug|Any CPU
		{69842168-80FE-46B2-B66E-4E87B016E93D}.Release|Any CPU.ActiveCfg = Release|Any CPU
		{69842168-80FE-46B2-B66E-4E87B016E93D}.Release|Any CPU.Build.0 = Release|Any CPU
		{2F7C173C-2C3C-4B8A-BBAD-852283458D87}.Debug|Any CPU.ActiveCfg = Debug|Any CPU
		{2F7C173C-2C3C-4B8A-BBAD-852283458D87}.Debug|Any CPU.Build.0 = Debug|Any CPU
		{2F7C173C-2C3C-4B8A-BBAD-852283458D87}.Release|Any CPU.ActiveCfg = Release|Any CPU
		{2F7C173C-2C3C-4B8A-BBAD-852283458D87}.Release|Any CPU.Build.0 = Release|Any CPU
		{C38DD51F-A1D3-4158-BF04-179A4C3BBEEA}.Debug|Any CPU.ActiveCfg = Debug|Any CPU
		{C38DD51F-A1D3-4158-BF04-179A4C3BBEEA}.Debug|Any CPU.Build.0 = Debug|Any CPU
		{C38DD51F-A1D3-4158-BF04-179A4C3BBEEA}.Release|Any CPU.ActiveCfg = Release|Any CPU
		{C38DD51F-A1D3-4158-BF04-179A4C3BBEEA}.Release|Any CPU.Build.0 = Release|Any CPU
		{68C4F1D4-C479-4679-8074-B13EA898F4A0}.Debug|Any CPU.ActiveCfg = Debug|Any CPU
		{68C4F1D4-C479-4679-8074-B13EA898F4A0}.Debug|Any CPU.Build.0 = Debug|Any CPU
		{68C4F1D4-C479-4679-8074-B13EA898F4A0}.Release|Any CPU.ActiveCfg = Release|Any CPU
		{68C4F1D4-C479-4679-8074-B13EA898F4A0}.Release|Any CPU.Build.0 = Release|Any CPU
		{8490E431-5F81-4EF4-B765-FF0AC8A6EA10}.Debug|Any CPU.ActiveCfg = Debug|Any CPU
		{8490E431-5F81-4EF4-B765-FF0AC8A6EA10}.Debug|Any CPU.Build.0 = Debug|Any CPU
		{8490E431-5F81-4EF4-B765-FF0AC8A6EA10}.Release|Any CPU.ActiveCfg = Release|Any CPU
		{8490E431-5F81-4EF4-B765-FF0AC8A6EA10}.Release|Any CPU.Build.0 = Release|Any CPU
		{9832C124-BE18-48FA-8C60-48857D9B4DA1}.Debug|Any CPU.ActiveCfg = Debug|Any CPU
		{9832C124-BE18-48FA-8C60-48857D9B4DA1}.Debug|Any CPU.Build.0 = Debug|Any CPU
		{9832C124-BE18-48FA-8C60-48857D9B4DA1}.Release|Any CPU.ActiveCfg = Release|Any CPU
		{9832C124-BE18-48FA-8C60-48857D9B4DA1}.Release|Any CPU.Build.0 = Release|Any CPU
		{8C48BC1B-FD9B-4C39-929D-9458BD9B42E1}.Debug|Any CPU.ActiveCfg = Debug|Any CPU
		{8C48BC1B-FD9B-4C39-929D-9458BD9B42E1}.Debug|Any CPU.Build.0 = Debug|Any CPU
		{8C48BC1B-FD9B-4C39-929D-9458BD9B42E1}.Release|Any CPU.ActiveCfg = Release|Any CPU
		{8C48BC1B-FD9B-4C39-929D-9458BD9B42E1}.Release|Any CPU.Build.0 = Release|Any CPU
		{C81282DA-2FD7-4DA4-A607-DBADD3ACD367}.Debug|Any CPU.ActiveCfg = Debug|Any CPU
		{C81282DA-2FD7-4DA4-A607-DBADD3ACD367}.Debug|Any CPU.Build.0 = Debug|Any CPU
		{C81282DA-2FD7-4DA4-A607-DBADD3ACD367}.Release|Any CPU.ActiveCfg = Release|Any CPU
		{C81282DA-2FD7-4DA4-A607-DBADD3ACD367}.Release|Any CPU.Build.0 = Release|Any CPU
		{3515BFA8-8D57-4E9E-903D-D74982DE27E0}.Debug|Any CPU.ActiveCfg = Debug|Any CPU
		{3515BFA8-8D57-4E9E-903D-D74982DE27E0}.Debug|Any CPU.Build.0 = Debug|Any CPU
		{3515BFA8-8D57-4E9E-903D-D74982DE27E0}.Release|Any CPU.ActiveCfg = Release|Any CPU
		{3515BFA8-8D57-4E9E-903D-D74982DE27E0}.Release|Any CPU.Build.0 = Release|Any CPU
		{543E3996-E69A-4EE6-ABD9-9A69A8383DB8}.Debug|Any CPU.ActiveCfg = Debug|Any CPU
		{543E3996-E69A-4EE6-ABD9-9A69A8383DB8}.Debug|Any CPU.Build.0 = Debug|Any CPU
		{543E3996-E69A-4EE6-ABD9-9A69A8383DB8}.Release|Any CPU.ActiveCfg = Release|Any CPU
		{543E3996-E69A-4EE6-ABD9-9A69A8383DB8}.Release|Any CPU.Build.0 = Release|Any CPU
		{4630AE17-4522-491A-BC9D-91BF522CBFA5}.Debug|Any CPU.ActiveCfg = Debug|Any CPU
		{4630AE17-4522-491A-BC9D-91BF522CBFA5}.Debug|Any CPU.Build.0 = Debug|Any CPU
		{4630AE17-4522-491A-BC9D-91BF522CBFA5}.Release|Any CPU.ActiveCfg = Release|Any CPU
		{4630AE17-4522-491A-BC9D-91BF522CBFA5}.Release|Any CPU.Build.0 = Release|Any CPU
		{DE9247F1-BABC-4098-A928-960E8E4EC20E}.Debug|Any CPU.ActiveCfg = Debug|Any CPU
		{DE9247F1-BABC-4098-A928-960E8E4EC20E}.Debug|Any CPU.Build.0 = Debug|Any CPU
		{DE9247F1-BABC-4098-A928-960E8E4EC20E}.Release|Any CPU.ActiveCfg = Release|Any CPU
		{DE9247F1-BABC-4098-A928-960E8E4EC20E}.Release|Any CPU.Build.0 = Release|Any CPU
		{43C23BD6-6228-4C41-BD73-FC1508178F33}.Debug|Any CPU.ActiveCfg = Debug|Any CPU
		{43C23BD6-6228-4C41-BD73-FC1508178F33}.Debug|Any CPU.Build.0 = Debug|Any CPU
		{43C23BD6-6228-4C41-BD73-FC1508178F33}.Release|Any CPU.ActiveCfg = Release|Any CPU
		{43C23BD6-6228-4C41-BD73-FC1508178F33}.Release|Any CPU.Build.0 = Release|Any CPU
		{F33C7AB6-CA4B-4254-9A75-D803FEDE0CB4}.Debug|Any CPU.ActiveCfg = Debug|Any CPU
		{F33C7AB6-CA4B-4254-9A75-D803FEDE0CB4}.Debug|Any CPU.Build.0 = Debug|Any CPU
		{F33C7AB6-CA4B-4254-9A75-D803FEDE0CB4}.Release|Any CPU.ActiveCfg = Release|Any CPU
		{F33C7AB6-CA4B-4254-9A75-D803FEDE0CB4}.Release|Any CPU.Build.0 = Release|Any CPU
		{1BF619BF-4992-46CC-B831-8E3ABA9A435A}.Debug|Any CPU.ActiveCfg = Debug|Any CPU
		{1BF619BF-4992-46CC-B831-8E3ABA9A435A}.Debug|Any CPU.Build.0 = Debug|Any CPU
		{1BF619BF-4992-46CC-B831-8E3ABA9A435A}.Release|Any CPU.ActiveCfg = Release|Any CPU
		{1BF619BF-4992-46CC-B831-8E3ABA9A435A}.Release|Any CPU.Build.0 = Release|Any CPU
		{E1C86933-B2F8-4C53-BF19-AE67A206B00A}.Debug|Any CPU.ActiveCfg = Debug|Any CPU
		{E1C86933-B2F8-4C53-BF19-AE67A206B00A}.Debug|Any CPU.Build.0 = Debug|Any CPU
		{E1C86933-B2F8-4C53-BF19-AE67A206B00A}.Release|Any CPU.ActiveCfg = Release|Any CPU
		{E1C86933-B2F8-4C53-BF19-AE67A206B00A}.Release|Any CPU.Build.0 = Release|Any CPU
		{AFC84C58-A075-45C3-BA33-609F067B471A}.Debug|Any CPU.ActiveCfg = Debug|Any CPU
		{AFC84C58-A075-45C3-BA33-609F067B471A}.Debug|Any CPU.Build.0 = Debug|Any CPU
		{AFC84C58-A075-45C3-BA33-609F067B471A}.Release|Any CPU.ActiveCfg = Release|Any CPU
		{AFC84C58-A075-45C3-BA33-609F067B471A}.Release|Any CPU.Build.0 = Release|Any CPU
		{94346EE6-3FD9-4B41-9865-FA8600F99BC2}.Debug|Any CPU.ActiveCfg = Debug|Any CPU
		{94346EE6-3FD9-4B41-9865-FA8600F99BC2}.Debug|Any CPU.Build.0 = Debug|Any CPU
		{94346EE6-3FD9-4B41-9865-FA8600F99BC2}.Release|Any CPU.ActiveCfg = Release|Any CPU
		{94346EE6-3FD9-4B41-9865-FA8600F99BC2}.Release|Any CPU.Build.0 = Release|Any CPU
		{17506986-EDF2-4D77-BD9D-7C222F621CFF}.Debug|Any CPU.ActiveCfg = Debug|Any CPU
		{17506986-EDF2-4D77-BD9D-7C222F621CFF}.Debug|Any CPU.Build.0 = Debug|Any CPU
		{17506986-EDF2-4D77-BD9D-7C222F621CFF}.Release|Any CPU.ActiveCfg = Release|Any CPU
		{17506986-EDF2-4D77-BD9D-7C222F621CFF}.Release|Any CPU.Build.0 = Release|Any CPU
		{B0125071-4C28-413C-B244-8D72C91A2EC0}.Debug|Any CPU.ActiveCfg = Debug|Any CPU
		{B0125071-4C28-413C-B244-8D72C91A2EC0}.Debug|Any CPU.Build.0 = Debug|Any CPU
		{B0125071-4C28-413C-B244-8D72C91A2EC0}.Release|Any CPU.ActiveCfg = Release|Any CPU
		{B0125071-4C28-413C-B244-8D72C91A2EC0}.Release|Any CPU.Build.0 = Release|Any CPU
		{8E27C95F-B55E-48A3-86CB-7655EAD45CC2}.Debug|Any CPU.ActiveCfg = Debug|Any CPU
		{8E27C95F-B55E-48A3-86CB-7655EAD45CC2}.Debug|Any CPU.Build.0 = Debug|Any CPU
		{8E27C95F-B55E-48A3-86CB-7655EAD45CC2}.Release|Any CPU.ActiveCfg = Release|Any CPU
		{8E27C95F-B55E-48A3-86CB-7655EAD45CC2}.Release|Any CPU.Build.0 = Release|Any CPU
		{92DECAF2-485F-490C-980C-D3F22BB55048}.Debug|Any CPU.ActiveCfg = Debug|Any CPU
		{92DECAF2-485F-490C-980C-D3F22BB55048}.Debug|Any CPU.Build.0 = Debug|Any CPU
		{92DECAF2-485F-490C-980C-D3F22BB55048}.Release|Any CPU.ActiveCfg = Release|Any CPU
		{92DECAF2-485F-490C-980C-D3F22BB55048}.Release|Any CPU.Build.0 = Release|Any CPU
		{71A10A51-EC26-45F9-A122-BF9D9DAAD28D}.Debug|Any CPU.ActiveCfg = Debug|Any CPU
		{71A10A51-EC26-45F9-A122-BF9D9DAAD28D}.Debug|Any CPU.Build.0 = Debug|Any CPU
		{71A10A51-EC26-45F9-A122-BF9D9DAAD28D}.Release|Any CPU.ActiveCfg = Release|Any CPU
		{71A10A51-EC26-45F9-A122-BF9D9DAAD28D}.Release|Any CPU.Build.0 = Release|Any CPU
		{0CD501D8-1151-4850-8AD4-25920EDFA781}.Debug|Any CPU.ActiveCfg = Debug|Any CPU
		{0CD501D8-1151-4850-8AD4-25920EDFA781}.Debug|Any CPU.Build.0 = Debug|Any CPU
		{0CD501D8-1151-4850-8AD4-25920EDFA781}.Release|Any CPU.ActiveCfg = Release|Any CPU
		{0CD501D8-1151-4850-8AD4-25920EDFA781}.Release|Any CPU.Build.0 = Release|Any CPU
		{637464B4-18A5-4111-966E-33936516CEC8}.Debug|Any CPU.ActiveCfg = Debug|Any CPU
		{637464B4-18A5-4111-966E-33936516CEC8}.Debug|Any CPU.Build.0 = Debug|Any CPU
		{637464B4-18A5-4111-966E-33936516CEC8}.Release|Any CPU.ActiveCfg = Release|Any CPU
		{637464B4-18A5-4111-966E-33936516CEC8}.Release|Any CPU.Build.0 = Release|Any CPU
		{04CA320A-37C9-45AE-BCCB-DA01300F29C7}.Debug|Any CPU.ActiveCfg = Debug|Any CPU
		{04CA320A-37C9-45AE-BCCB-DA01300F29C7}.Debug|Any CPU.Build.0 = Debug|Any CPU
		{04CA320A-37C9-45AE-BCCB-DA01300F29C7}.Release|Any CPU.ActiveCfg = Release|Any CPU
		{04CA320A-37C9-45AE-BCCB-DA01300F29C7}.Release|Any CPU.Build.0 = Release|Any CPU
		{90F5B2E9-D945-2235-497D-8ECDD759C198}.Debug|Any CPU.ActiveCfg = Debug|Any CPU
		{90F5B2E9-D945-2235-497D-8ECDD759C198}.Debug|Any CPU.Build.0 = Debug|Any CPU
		{90F5B2E9-D945-2235-497D-8ECDD759C198}.Release|Any CPU.ActiveCfg = Release|Any CPU
		{90F5B2E9-D945-2235-497D-8ECDD759C198}.Release|Any CPU.Build.0 = Release|Any CPU
		{55223317-D668-C49B-D469-0ADABACFC365}.Debug|Any CPU.ActiveCfg = Debug|Any CPU
		{55223317-D668-C49B-D469-0ADABACFC365}.Debug|Any CPU.Build.0 = Debug|Any CPU
		{55223317-D668-C49B-D469-0ADABACFC365}.Release|Any CPU.ActiveCfg = Release|Any CPU
		{55223317-D668-C49B-D469-0ADABACFC365}.Release|Any CPU.Build.0 = Release|Any CPU
		{193AF344-CD5E-474A-A872-CB700253967B}.Debug|Any CPU.ActiveCfg = Debug|Any CPU
		{193AF344-CD5E-474A-A872-CB700253967B}.Debug|Any CPU.Build.0 = Debug|Any CPU
		{193AF344-CD5E-474A-A872-CB700253967B}.Release|Any CPU.ActiveCfg = Release|Any CPU
		{193AF344-CD5E-474A-A872-CB700253967B}.Release|Any CPU.Build.0 = Release|Any CPU
		{677BA66C-2367-4430-82CE-59E09988DF43}.Debug|Any CPU.ActiveCfg = Debug|Any CPU
		{677BA66C-2367-4430-82CE-59E09988DF43}.Debug|Any CPU.Build.0 = Debug|Any CPU
		{677BA66C-2367-4430-82CE-59E09988DF43}.Release|Any CPU.ActiveCfg = Release|Any CPU
		{677BA66C-2367-4430-82CE-59E09988DF43}.Release|Any CPU.Build.0 = Release|Any CPU
		{396688C7-0FCC-8361-BE69-70F54C23372D}.Debug|Any CPU.ActiveCfg = Debug|Any CPU
		{396688C7-0FCC-8361-BE69-70F54C23372D}.Debug|Any CPU.Build.0 = Debug|Any CPU
		{396688C7-0FCC-8361-BE69-70F54C23372D}.Release|Any CPU.ActiveCfg = Release|Any CPU
		{396688C7-0FCC-8361-BE69-70F54C23372D}.Release|Any CPU.Build.0 = Release|Any CPU
		{0F5D3E59-FD5A-0B41-C4F3-ACE777EE3977}.Debug|Any CPU.ActiveCfg = Debug|Any CPU
		{0F5D3E59-FD5A-0B41-C4F3-ACE777EE3977}.Debug|Any CPU.Build.0 = Debug|Any CPU
		{0F5D3E59-FD5A-0B41-C4F3-ACE777EE3977}.Release|Any CPU.ActiveCfg = Release|Any CPU
		{0F5D3E59-FD5A-0B41-C4F3-ACE777EE3977}.Release|Any CPU.Build.0 = Release|Any CPU
		{E656B992-7E4C-9AC1-F011-99A4980177B5}.Debug|Any CPU.ActiveCfg = Debug|Any CPU
		{E656B992-7E4C-9AC1-F011-99A4980177B5}.Debug|Any CPU.Build.0 = Debug|Any CPU
		{E656B992-7E4C-9AC1-F011-99A4980177B5}.Release|Any CPU.ActiveCfg = Release|Any CPU
		{E656B992-7E4C-9AC1-F011-99A4980177B5}.Release|Any CPU.Build.0 = Release|Any CPU
		{0F9D39CD-616E-45C1-A041-09F9B2467EB3}.Debug|Any CPU.ActiveCfg = Debug|Any CPU
		{0F9D39CD-616E-45C1-A041-09F9B2467EB3}.Debug|Any CPU.Build.0 = Debug|Any CPU
		{0F9D39CD-616E-45C1-A041-09F9B2467EB3}.Release|Any CPU.ActiveCfg = Release|Any CPU
		{0F9D39CD-616E-45C1-A041-09F9B2467EB3}.Release|Any CPU.Build.0 = Release|Any CPU
		{494FEA6D-B2B2-4A9F-A0AE-7D57D042D5B2}.Debug|Any CPU.ActiveCfg = Debug|Any CPU
		{494FEA6D-B2B2-4A9F-A0AE-7D57D042D5B2}.Debug|Any CPU.Build.0 = Debug|Any CPU
		{494FEA6D-B2B2-4A9F-A0AE-7D57D042D5B2}.Release|Any CPU.ActiveCfg = Release|Any CPU
		{494FEA6D-B2B2-4A9F-A0AE-7D57D042D5B2}.Release|Any CPU.Build.0 = Release|Any CPU
		{646E6DA4-53DF-4171-A017-0B59159878C4}.Debug|Any CPU.ActiveCfg = Debug|Any CPU
		{646E6DA4-53DF-4171-A017-0B59159878C4}.Debug|Any CPU.Build.0 = Debug|Any CPU
		{646E6DA4-53DF-4171-A017-0B59159878C4}.Release|Any CPU.ActiveCfg = Release|Any CPU
		{646E6DA4-53DF-4171-A017-0B59159878C4}.Release|Any CPU.Build.0 = Release|Any CPU
		{5747A69C-8C5A-42DB-A21D-EDBA43B8CA90}.Debug|Any CPU.ActiveCfg = Debug|Any CPU
		{5747A69C-8C5A-42DB-A21D-EDBA43B8CA90}.Debug|Any CPU.Build.0 = Debug|Any CPU
		{5747A69C-8C5A-42DB-A21D-EDBA43B8CA90}.Release|Any CPU.ActiveCfg = Release|Any CPU
		{5747A69C-8C5A-42DB-A21D-EDBA43B8CA90}.Release|Any CPU.Build.0 = Release|Any CPU
		{06E27E20-A3D1-AA3D-337E-9F35E242BF4C}.Debug|Any CPU.ActiveCfg = Debug|Any CPU
		{06E27E20-A3D1-AA3D-337E-9F35E242BF4C}.Debug|Any CPU.Build.0 = Debug|Any CPU
		{06E27E20-A3D1-AA3D-337E-9F35E242BF4C}.Release|Any CPU.ActiveCfg = Release|Any CPU
		{06E27E20-A3D1-AA3D-337E-9F35E242BF4C}.Release|Any CPU.Build.0 = Release|Any CPU
		{AD4B274A-D964-1BEE-8500-C75F1F20F65D}.Debug|Any CPU.ActiveCfg = Debug|Any CPU
		{AD4B274A-D964-1BEE-8500-C75F1F20F65D}.Debug|Any CPU.Build.0 = Debug|Any CPU
		{AD4B274A-D964-1BEE-8500-C75F1F20F65D}.Release|Any CPU.ActiveCfg = Release|Any CPU
		{AD4B274A-D964-1BEE-8500-C75F1F20F65D}.Release|Any CPU.Build.0 = Release|Any CPU
		{492B8936-720F-8CDF-758D-9067C3F4063B}.Debug|Any CPU.ActiveCfg = Debug|Any CPU
		{492B8936-720F-8CDF-758D-9067C3F4063B}.Debug|Any CPU.Build.0 = Debug|Any CPU
		{492B8936-720F-8CDF-758D-9067C3F4063B}.Release|Any CPU.ActiveCfg = Release|Any CPU
		{492B8936-720F-8CDF-758D-9067C3F4063B}.Release|Any CPU.Build.0 = Release|Any CPU
		{F01E5B66-6564-F201-C021-74BF687840BB}.Debug|Any CPU.ActiveCfg = Debug|Any CPU
		{F01E5B66-6564-F201-C021-74BF687840BB}.Debug|Any CPU.Build.0 = Debug|Any CPU
		{F01E5B66-6564-F201-C021-74BF687840BB}.Release|Any CPU.ActiveCfg = Release|Any CPU
		{F01E5B66-6564-F201-C021-74BF687840BB}.Release|Any CPU.Build.0 = Release|Any CPU
		{22E17475-DDC8-D9DF-70C9-D3968F34DC84}.Debug|Any CPU.ActiveCfg = Debug|Any CPU
		{22E17475-DDC8-D9DF-70C9-D3968F34DC84}.Debug|Any CPU.Build.0 = Debug|Any CPU
		{22E17475-DDC8-D9DF-70C9-D3968F34DC84}.Release|Any CPU.ActiveCfg = Release|Any CPU
		{22E17475-DDC8-D9DF-70C9-D3968F34DC84}.Release|Any CPU.Build.0 = Release|Any CPU
		{6C786460-EF79-6D6A-4C0E-F676B76AE4A2}.Debug|Any CPU.ActiveCfg = Debug|Any CPU
		{6C786460-EF79-6D6A-4C0E-F676B76AE4A2}.Debug|Any CPU.Build.0 = Debug|Any CPU
		{6C786460-EF79-6D6A-4C0E-F676B76AE4A2}.Release|Any CPU.ActiveCfg = Release|Any CPU
		{6C786460-EF79-6D6A-4C0E-F676B76AE4A2}.Release|Any CPU.Build.0 = Release|Any CPU
		{FBA5BB46-EB9E-1B0F-044D-A50D8620CC3D}.Debug|Any CPU.ActiveCfg = Debug|Any CPU
		{FBA5BB46-EB9E-1B0F-044D-A50D8620CC3D}.Debug|Any CPU.Build.0 = Debug|Any CPU
		{FBA5BB46-EB9E-1B0F-044D-A50D8620CC3D}.Release|Any CPU.ActiveCfg = Release|Any CPU
		{FBA5BB46-EB9E-1B0F-044D-A50D8620CC3D}.Release|Any CPU.Build.0 = Release|Any CPU
		{988BED63-4414-4ED4-E33C-A62E5670D58C}.Debug|Any CPU.ActiveCfg = Debug|Any CPU
		{988BED63-4414-4ED4-E33C-A62E5670D58C}.Debug|Any CPU.Build.0 = Debug|Any CPU
		{988BED63-4414-4ED4-E33C-A62E5670D58C}.Release|Any CPU.ActiveCfg = Release|Any CPU
		{988BED63-4414-4ED4-E33C-A62E5670D58C}.Release|Any CPU.Build.0 = Release|Any CPU
		{F8D0330E-7D0A-46B2-8227-DAF4E7AF2F12}.Debug|Any CPU.ActiveCfg = Debug|Any CPU
		{F8D0330E-7D0A-46B2-8227-DAF4E7AF2F12}.Debug|Any CPU.Build.0 = Debug|Any CPU
		{F8D0330E-7D0A-46B2-8227-DAF4E7AF2F12}.Release|Any CPU.ActiveCfg = Release|Any CPU
		{F8D0330E-7D0A-46B2-8227-DAF4E7AF2F12}.Release|Any CPU.Build.0 = Release|Any CPU
		{439D92DD-FA5E-4348-84EC-B7EAA68E333C}.Debug|Any CPU.ActiveCfg = Debug|Any CPU
		{439D92DD-FA5E-4348-84EC-B7EAA68E333C}.Debug|Any CPU.Build.0 = Debug|Any CPU
		{439D92DD-FA5E-4348-84EC-B7EAA68E333C}.Release|Any CPU.ActiveCfg = Release|Any CPU
		{439D92DD-FA5E-4348-84EC-B7EAA68E333C}.Release|Any CPU.Build.0 = Release|Any CPU
		{9E4278E7-E393-A0FC-D9E2-6974D0A2DD5F}.Debug|Any CPU.ActiveCfg = Debug|Any CPU
		{9E4278E7-E393-A0FC-D9E2-6974D0A2DD5F}.Debug|Any CPU.Build.0 = Debug|Any CPU
		{9E4278E7-E393-A0FC-D9E2-6974D0A2DD5F}.Release|Any CPU.ActiveCfg = Release|Any CPU
		{9E4278E7-E393-A0FC-D9E2-6974D0A2DD5F}.Release|Any CPU.Build.0 = Release|Any CPU
		{1215FEFE-3301-F3F3-41DA-D318455C6071}.Debug|Any CPU.ActiveCfg = Debug|Any CPU
		{1215FEFE-3301-F3F3-41DA-D318455C6071}.Debug|Any CPU.Build.0 = Debug|Any CPU
		{1215FEFE-3301-F3F3-41DA-D318455C6071}.Release|Any CPU.ActiveCfg = Release|Any CPU
		{1215FEFE-3301-F3F3-41DA-D318455C6071}.Release|Any CPU.Build.0 = Release|Any CPU
		{22F6CF89-250A-D0E2-07D5-7472230A0124}.Debug|Any CPU.ActiveCfg = Debug|Any CPU
		{22F6CF89-250A-D0E2-07D5-7472230A0124}.Debug|Any CPU.Build.0 = Debug|Any CPU
		{22F6CF89-250A-D0E2-07D5-7472230A0124}.Release|Any CPU.ActiveCfg = Release|Any CPU
		{22F6CF89-250A-D0E2-07D5-7472230A0124}.Release|Any CPU.Build.0 = Release|Any CPU
		{050CFCF7-A372-D051-E7EB-42AD6D959701}.Debug|Any CPU.ActiveCfg = Debug|Any CPU
		{050CFCF7-A372-D051-E7EB-42AD6D959701}.Debug|Any CPU.Build.0 = Debug|Any CPU
		{050CFCF7-A372-D051-E7EB-42AD6D959701}.Release|Any CPU.ActiveCfg = Release|Any CPU
		{050CFCF7-A372-D051-E7EB-42AD6D959701}.Release|Any CPU.Build.0 = Release|Any CPU
		{8D30E861-1F19-2088-BAF7-635F8D5602D6}.Debug|Any CPU.ActiveCfg = Debug|Any CPU
		{8D30E861-1F19-2088-BAF7-635F8D5602D6}.Debug|Any CPU.Build.0 = Debug|Any CPU
		{8D30E861-1F19-2088-BAF7-635F8D5602D6}.Release|Any CPU.ActiveCfg = Release|Any CPU
		{8D30E861-1F19-2088-BAF7-635F8D5602D6}.Release|Any CPU.Build.0 = Release|Any CPU
		{5DE6D830-41CE-A5E9-C303-79004E167ADE}.Debug|Any CPU.ActiveCfg = Debug|Any CPU
		{5DE6D830-41CE-A5E9-C303-79004E167ADE}.Debug|Any CPU.Build.0 = Debug|Any CPU
		{5DE6D830-41CE-A5E9-C303-79004E167ADE}.Release|Any CPU.ActiveCfg = Release|Any CPU
		{5DE6D830-41CE-A5E9-C303-79004E167ADE}.Release|Any CPU.Build.0 = Release|Any CPU
		{DE40E081-D1E6-DCC8-CAC5-9D98AE54B388}.Debug|Any CPU.ActiveCfg = Debug|Any CPU
		{DE40E081-D1E6-DCC8-CAC5-9D98AE54B388}.Debug|Any CPU.Build.0 = Debug|Any CPU
		{DE40E081-D1E6-DCC8-CAC5-9D98AE54B388}.Release|Any CPU.ActiveCfg = Release|Any CPU
		{DE40E081-D1E6-DCC8-CAC5-9D98AE54B388}.Release|Any CPU.Build.0 = Release|Any CPU
		{B69B3BDF-BCAE-E77F-8F85-14B4965A89AC}.Debug|Any CPU.ActiveCfg = Debug|Any CPU
		{B69B3BDF-BCAE-E77F-8F85-14B4965A89AC}.Debug|Any CPU.Build.0 = Debug|Any CPU
		{B69B3BDF-BCAE-E77F-8F85-14B4965A89AC}.Release|Any CPU.ActiveCfg = Release|Any CPU
		{B69B3BDF-BCAE-E77F-8F85-14B4965A89AC}.Release|Any CPU.Build.0 = Release|Any CPU
		{C7896C31-3F95-4930-A02F-4A22661A6952}.Debug|Any CPU.ActiveCfg = Debug|Any CPU
		{C7896C31-3F95-4930-A02F-4A22661A6952}.Debug|Any CPU.Build.0 = Debug|Any CPU
		{C7896C31-3F95-4930-A02F-4A22661A6952}.Release|Any CPU.ActiveCfg = Release|Any CPU
		{C7896C31-3F95-4930-A02F-4A22661A6952}.Release|Any CPU.Build.0 = Release|Any CPU
		{36AED7E3-2878-41DE-B6DF-D17050FE789F}.Debug|Any CPU.ActiveCfg = Debug|Any CPU
		{36AED7E3-2878-41DE-B6DF-D17050FE789F}.Debug|Any CPU.Build.0 = Debug|Any CPU
		{36AED7E3-2878-41DE-B6DF-D17050FE789F}.Release|Any CPU.ActiveCfg = Release|Any CPU
		{36AED7E3-2878-41DE-B6DF-D17050FE789F}.Release|Any CPU.Build.0 = Release|Any CPU
		{D94143C5-2972-4EF8-3749-2FA05EE88187}.Debug|Any CPU.ActiveCfg = Debug|Any CPU
		{D94143C5-2972-4EF8-3749-2FA05EE88187}.Debug|Any CPU.Build.0 = Debug|Any CPU
		{D94143C5-2972-4EF8-3749-2FA05EE88187}.Release|Any CPU.ActiveCfg = Release|Any CPU
		{D94143C5-2972-4EF8-3749-2FA05EE88187}.Release|Any CPU.Build.0 = Release|Any CPU
	EndGlobalSection
	GlobalSection(SolutionProperties) = preSolution
		HideSolutionNode = FALSE
	EndGlobalSection
	GlobalSection(NestedProjects) = preSolution
		{89FE3DE3-2E58-4835-A476-CA2E309A1B3F} = {5CB02C04-84CF-405F-B02E-E70B0DBBBCD9}
		{47EE6944-D5F8-46CD-A552-29A237BE87BD} = {89FE3DE3-2E58-4835-A476-CA2E309A1B3F}
		{7E5B26AA-4F89-4B8C-B743-AE3F04C9DD58} = {5CB02C04-84CF-405F-B02E-E70B0DBBBCD9}
		{9BE2FECD-B648-4B15-B394-E354F98D1B73} = {4D070ACB-8367-4889-806E-FA6EEA0D6A67}
		{4E9BFDA3-AFC6-41F3-817C-FD9E82322BDA} = {A63C9652-517D-4BC3-B935-74D946AB0761}
		{B8524D2C-164A-46A1-83A3-5F47BC645B01} = {7E5B26AA-4F89-4B8C-B743-AE3F04C9DD58}
		{2FEAC795-B93C-4164-8A4D-92B2F26F4994} = {B8524D2C-164A-46A1-83A3-5F47BC645B01}
		{523063C9-59C7-49E4-A17F-B0A5E4247729} = {B8524D2C-164A-46A1-83A3-5F47BC645B01}
		{78087384-C445-47F5-BB2A-80CDA2132FF6} = {2B32F5E0-A1C9-49DA-85DD-9C3202A4AF2C}
		{4B81FABE-A4D5-4602-A83C-E2875286AA53} = {89FE3DE3-2E58-4835-A476-CA2E309A1B3F}
		{69842168-80FE-46B2-B66E-4E87B016E93D} = {4D070ACB-8367-4889-806E-FA6EEA0D6A67}
		{2F7C173C-2C3C-4B8A-BBAD-852283458D87} = {2B32F5E0-A1C9-49DA-85DD-9C3202A4AF2C}
		{240CD8ED-49F9-47E0-91B1-B170252E5437} = {89FE3DE3-2E58-4835-A476-CA2E309A1B3F}
		{C38DD51F-A1D3-4158-BF04-179A4C3BBEEA} = {240CD8ED-49F9-47E0-91B1-B170252E5437}
		{68C4F1D4-C479-4679-8074-B13EA898F4A0} = {240CD8ED-49F9-47E0-91B1-B170252E5437}
		{8490E431-5F81-4EF4-B765-FF0AC8A6EA10} = {A63C9652-517D-4BC3-B935-74D946AB0761}
		{9832C124-BE18-48FA-8C60-48857D9B4DA1} = {844CDB6A-8081-4769-8905-8A0D279D6101}
		{8C48BC1B-FD9B-4C39-929D-9458BD9B42E1} = {4D070ACB-8367-4889-806E-FA6EEA0D6A67}
		{C81282DA-2FD7-4DA4-A607-DBADD3ACD367} = {7E5B26AA-4F89-4B8C-B743-AE3F04C9DD58}
		{3515BFA8-8D57-4E9E-903D-D74982DE27E0} = {7E5B26AA-4F89-4B8C-B743-AE3F04C9DD58}
		{543E3996-E69A-4EE6-ABD9-9A69A8383DB8} = {89FE3DE3-2E58-4835-A476-CA2E309A1B3F}
		{4630AE17-4522-491A-BC9D-91BF522CBFA5} = {89FE3DE3-2E58-4835-A476-CA2E309A1B3F}
		{4D070ACB-8367-4889-806E-FA6EEA0D6A67} = {7E5B26AA-4F89-4B8C-B743-AE3F04C9DD58}
		{DE9247F1-BABC-4098-A928-960E8E4EC20E} = {4D070ACB-8367-4889-806E-FA6EEA0D6A67}
		{F3ABC418-7234-4DBA-8A5A-6B286A25B8AD} = {5CB02C04-84CF-405F-B02E-E70B0DBBBCD9}
		{A63C9652-517D-4BC3-B935-74D946AB0761} = {5CB02C04-84CF-405F-B02E-E70B0DBBBCD9}
		{43C23BD6-6228-4C41-BD73-FC1508178F33} = {02EA681E-C7D8-13C7-8484-4AC65E1B71E8}
		{F33C7AB6-CA4B-4254-9A75-D803FEDE0CB4} = {F3ABC418-7234-4DBA-8A5A-6B286A25B8AD}
		{1BF619BF-4992-46CC-B831-8E3ABA9A435A} = {4E9BFDA3-AFC6-41F3-817C-FD9E82322BDA}
		{E1C86933-B2F8-4C53-BF19-AE67A206B00A} = {4E9BFDA3-AFC6-41F3-817C-FD9E82322BDA}
		{AFC84C58-A075-45C3-BA33-609F067B471A} = {4E9BFDA3-AFC6-41F3-817C-FD9E82322BDA}
		{94346EE6-3FD9-4B41-9865-FA8600F99BC2} = {B8524D2C-164A-46A1-83A3-5F47BC645B01}
		{17506986-EDF2-4D77-BD9D-7C222F621CFF} = {240CD8ED-49F9-47E0-91B1-B170252E5437}
		{B0125071-4C28-413C-B244-8D72C91A2EC0} = {B8524D2C-164A-46A1-83A3-5F47BC645B01}
		{8E27C95F-B55E-48A3-86CB-7655EAD45CC2} = {B8524D2C-164A-46A1-83A3-5F47BC645B01}
		{92DECAF2-485F-490C-980C-D3F22BB55048} = {B8524D2C-164A-46A1-83A3-5F47BC645B01}
		{71A10A51-EC26-45F9-A122-BF9D9DAAD28D} = {240CD8ED-49F9-47E0-91B1-B170252E5437}
		{0CD501D8-1151-4850-8AD4-25920EDFA781} = {240CD8ED-49F9-47E0-91B1-B170252E5437}
		{637464B4-18A5-4111-966E-33936516CEC8} = {240CD8ED-49F9-47E0-91B1-B170252E5437}
		{04CA320A-37C9-45AE-BCCB-DA01300F29C7} = {A63C9652-517D-4BC3-B935-74D946AB0761}
		{90F5B2E9-D945-2235-497D-8ECDD759C198} = {4B81FABE-A4D5-4602-A83C-E2875286AA53}
		{02EA681E-C7D8-13C7-8484-4AC65E1B71E8} = {A63C9652-517D-4BC3-B935-74D946AB0761}
		{55223317-D668-C49B-D469-0ADABACFC365} = {02EA681E-C7D8-13C7-8484-4AC65E1B71E8}
		{2B32F5E0-A1C9-49DA-85DD-9C3202A4AF2C} = {7E5B26AA-4F89-4B8C-B743-AE3F04C9DD58}
		{844CDB6A-8081-4769-8905-8A0D279D6101} = {89FE3DE3-2E58-4835-A476-CA2E309A1B3F}
		{193AF344-CD5E-474A-A872-CB700253967B} = {F3ABC418-7234-4DBA-8A5A-6B286A25B8AD}
		{677BA66C-2367-4430-82CE-59E09988DF43} = {A63C9652-517D-4BC3-B935-74D946AB0761}
		{396688C7-0FCC-8361-BE69-70F54C23372D} = {AF99A147-8109-4237-86A4-2F565757AF4B}
		{0F5D3E59-FD5A-0B41-C4F3-ACE777EE3977} = {AF99A147-8109-4237-86A4-2F565757AF4B}
		{E656B992-7E4C-9AC1-F011-99A4980177B5} = {AF99A147-8109-4237-86A4-2F565757AF4B}
		{0F9D39CD-616E-45C1-A041-09F9B2467EB3} = {A63C9652-517D-4BC3-B935-74D946AB0761}
		{04FEA754-FF59-443E-9AD1-BB4EF60B8C67} = {8D9A2CAE-AD15-40C4-89C0-BB137F959190}
		{79C1D70A-F0EA-4490-B482-303DC03EB4CA} = {A297110F-CD50-4832-B746-043D8EDCE334}
		{D407C440-AF04-4C6B-AD32-3B501772389A} = {A297110F-CD50-4832-B746-043D8EDCE334}
		{9193C633-939D-4545-86FA-991391814F8C} = {8D9A2CAE-AD15-40C4-89C0-BB137F959190}
		{494FEA6D-B2B2-4A9F-A0AE-7D57D042D5B2} = {9193C633-939D-4545-86FA-991391814F8C}
		{646E6DA4-53DF-4171-A017-0B59159878C4} = {9193C633-939D-4545-86FA-991391814F8C}
		{5747A69C-8C5A-42DB-A21D-EDBA43B8CA90} = {76E3BCD4-99EC-44AD-A1AD-9E97998D22B4}
		{06E27E20-A3D1-AA3D-337E-9F35E242BF4C} = {79C1D70A-F0EA-4490-B482-303DC03EB4CA}
		{AD4B274A-D964-1BEE-8500-C75F1F20F65D} = {79C1D70A-F0EA-4490-B482-303DC03EB4CA}
		{492B8936-720F-8CDF-758D-9067C3F4063B} = {79C1D70A-F0EA-4490-B482-303DC03EB4CA}
		{F01E5B66-6564-F201-C021-74BF687840BB} = {79C1D70A-F0EA-4490-B482-303DC03EB4CA}
		{22E17475-DDC8-D9DF-70C9-D3968F34DC84} = {79C1D70A-F0EA-4490-B482-303DC03EB4CA}
		{6C786460-EF79-6D6A-4C0E-F676B76AE4A2} = {79C1D70A-F0EA-4490-B482-303DC03EB4CA}
		{FBA5BB46-EB9E-1B0F-044D-A50D8620CC3D} = {79C1D70A-F0EA-4490-B482-303DC03EB4CA}
		{988BED63-4414-4ED4-E33C-A62E5670D58C} = {79C1D70A-F0EA-4490-B482-303DC03EB4CA}
		{A0B02F75-5D28-4C2C-8640-46F872C4C8C6} = {04FEA754-FF59-443E-9AD1-BB4EF60B8C67}
		{F8D0330E-7D0A-46B2-8227-DAF4E7AF2F12} = {A0B02F75-5D28-4C2C-8640-46F872C4C8C6}
		{439D92DD-FA5E-4348-84EC-B7EAA68E333C} = {A0B02F75-5D28-4C2C-8640-46F872C4C8C6}
		{9E4278E7-E393-A0FC-D9E2-6974D0A2DD5F} = {D407C440-AF04-4C6B-AD32-3B501772389A}
		{1215FEFE-3301-F3F3-41DA-D318455C6071} = {D407C440-AF04-4C6B-AD32-3B501772389A}
		{22F6CF89-250A-D0E2-07D5-7472230A0124} = {D407C440-AF04-4C6B-AD32-3B501772389A}
		{050CFCF7-A372-D051-E7EB-42AD6D959701} = {D407C440-AF04-4C6B-AD32-3B501772389A}
		{8D30E861-1F19-2088-BAF7-635F8D5602D6} = {D407C440-AF04-4C6B-AD32-3B501772389A}
		{5DE6D830-41CE-A5E9-C303-79004E167ADE} = {D407C440-AF04-4C6B-AD32-3B501772389A}
		{DE40E081-D1E6-DCC8-CAC5-9D98AE54B388} = {D407C440-AF04-4C6B-AD32-3B501772389A}
		{B69B3BDF-BCAE-E77F-8F85-14B4965A89AC} = {D407C440-AF04-4C6B-AD32-3B501772389A}
		{74997E25-3F12-4631-8353-576617F221BC} = {04FEA754-FF59-443E-9AD1-BB4EF60B8C67}
		{C7896C31-3F95-4930-A02F-4A22661A6952} = {74997E25-3F12-4631-8353-576617F221BC}
		{36AED7E3-2878-41DE-B6DF-D17050FE789F} = {74997E25-3F12-4631-8353-576617F221BC}
		{D94143C5-2972-4EF8-3749-2FA05EE88187} = {9193C633-939D-4545-86FA-991391814F8C}
	EndGlobalSection
	GlobalSection(ExtensibilityGlobals) = postSolution
		SolutionGuid = {A8C26757-CDED-4779-94DE-C0D4929F64C2}
	EndGlobalSection
EndGlobal
